// !$*UTF8*$!
{
	archiveVersion = 1;
	classes = {
	};
	objectVersion = 56;
	objects = {

/* Begin PBXBuildFile section */
		504FAD9D29C535DA0049CDC4 /* AppDelegate.swift in Sources */ = {isa = PBXBuildFile; fileRef = 504FAD9C29C535DA0049CDC4 /* AppDelegate.swift */; };
		504FAD9F29C535DA0049CDC4 /* SceneDelegate.swift in Sources */ = {isa = PBXBuildFile; fileRef = 504FAD9E29C535DA0049CDC4 /* SceneDelegate.swift */; };
		504FADA229C535DA0049CDC4 /* LaunchScreen.storyboard in Resources */ = {isa = PBXBuildFile; fileRef = 504FADA029C535DA0049CDC4 /* LaunchScreen.storyboard */; };
		504FADA529C535DA0049CDC4 /* Main.storyboard in Resources */ = {isa = PBXBuildFile; fileRef = 504FADA329C535DA0049CDC4 /* Main.storyboard */; };
		504FADAE29C535DB0049CDC4 /* AppDelegate.swift in Sources */ = {isa = PBXBuildFile; fileRef = 504FADAD29C535DB0049CDC4 /* AppDelegate.swift */; };
		504FADB129C535DB0049CDC4 /* Main.storyboard in Resources */ = {isa = PBXBuildFile; fileRef = 504FADAF29C535DB0049CDC4 /* Main.storyboard */; };
		504FADB929C535DB0049CDC4 /* Bing Chat for All Browsers Extension.appex in Embed Foundation Extensions */ = {isa = PBXBuildFile; fileRef = 504FADB829C535DB0049CDC4 /* Bing Chat for All Browsers Extension.appex */; settings = {ATTRIBUTES = (RemoveHeadersOnCopy, ); }; };
		504FADC329C535DB0049CDC4 /* Bing Chat for All Browsers Extension.appex in Embed Foundation Extensions */ = {isa = PBXBuildFile; fileRef = 504FADC229C535DB0049CDC4 /* Bing Chat for All Browsers Extension.appex */; settings = {ATTRIBUTES = (RemoveHeadersOnCopy, ); }; };
		504FADC929C535DB0049CDC4 /* Main.html in Resources */ = {isa = PBXBuildFile; fileRef = 504FAD8C29C535D80049CDC4 /* Main.html */; };
		504FADCA29C535DB0049CDC4 /* Main.html in Resources */ = {isa = PBXBuildFile; fileRef = 504FAD8C29C535D80049CDC4 /* Main.html */; };
		504FADCB29C535DB0049CDC4 /* Icon.png in Resources */ = {isa = PBXBuildFile; fileRef = 504FAD8E29C535D80049CDC4 /* Icon.png */; };
		504FADCC29C535DB0049CDC4 /* Icon.png in Resources */ = {isa = PBXBuildFile; fileRef = 504FAD8E29C535D80049CDC4 /* Icon.png */; };
		504FADCD29C535DB0049CDC4 /* Style.css in Resources */ = {isa = PBXBuildFile; fileRef = 504FAD8F29C535D80049CDC4 /* Style.css */; };
		504FADCE29C535DB0049CDC4 /* Style.css in Resources */ = {isa = PBXBuildFile; fileRef = 504FAD8F29C535D80049CDC4 /* Style.css */; };
		504FADCF29C535DB0049CDC4 /* Script.js in Resources */ = {isa = PBXBuildFile; fileRef = 504FAD9029C535D80049CDC4 /* Script.js */; };
		504FADD029C535DB0049CDC4 /* Script.js in Resources */ = {isa = PBXBuildFile; fileRef = 504FAD9029C535D80049CDC4 /* Script.js */; };
		504FADD129C535DB0049CDC4 /* ViewController.swift in Sources */ = {isa = PBXBuildFile; fileRef = 504FAD9129C535D80049CDC4 /* ViewController.swift */; };
		504FADD229C535DB0049CDC4 /* ViewController.swift in Sources */ = {isa = PBXBuildFile; fileRef = 504FAD9129C535D80049CDC4 /* ViewController.swift */; };
		504FADD329C535DB0049CDC4 /* Assets.xcassets in Resources */ = {isa = PBXBuildFile; fileRef = 504FAD9229C535DA0049CDC4 /* Assets.xcassets */; };
		504FADD429C535DB0049CDC4 /* Assets.xcassets in Resources */ = {isa = PBXBuildFile; fileRef = 504FAD9229C535DA0049CDC4 /* Assets.xcassets */; };
		504FADD529C535DB0049CDC4 /* SafariWebExtensionHandler.swift in Sources */ = {isa = PBXBuildFile; fileRef = 504FAD9429C535DA0049CDC4 /* SafariWebExtensionHandler.swift */; };
		504FADD629C535DB0049CDC4 /* SafariWebExtensionHandler.swift in Sources */ = {isa = PBXBuildFile; fileRef = 504FAD9429C535DA0049CDC4 /* SafariWebExtensionHandler.swift */; };
		504FADF429C535DB0049CDC4 /* icon16.png in Resources */ = {isa = PBXBuildFile; fileRef = 504FADE829C535DB0049CDC4 /* icon16.png */; };
		504FADF529C535DB0049CDC4 /* favicon.ico in Resources */ = {isa = PBXBuildFile; fileRef = 504FADE929C535DB0049CDC4 /* favicon.ico */; };
		504FADF629C535DB0049CDC4 /* icon1024.png in Resources */ = {isa = PBXBuildFile; fileRef = 504FADEA29C535DB0049CDC4 /* icon1024.png */; };
		504FADF729C535DB0049CDC4 /* chrome.json in Resources */ = {isa = PBXBuildFile; fileRef = 504FADEB29C535DB0049CDC4 /* chrome.json */; };
		504FADF829C535DB0049CDC4 /* js in Resources */ = {isa = PBXBuildFile; fileRef = 504FADEC29C535DB0049CDC4 /* js */; };
		504FADF929C535DB0049CDC4 /* popup.html in Resources */ = {isa = PBXBuildFile; fileRef = 504FADED29C535DB0049CDC4 /* popup.html */; };
		504FADFA29C535DB0049CDC4 /* icon512.png in Resources */ = {isa = PBXBuildFile; fileRef = 504FADEE29C535DB0049CDC4 /* icon512.png */; };
		504FADFB29C535DB0049CDC4 /* icon128.png in Resources */ = {isa = PBXBuildFile; fileRef = 504FADEF29C535DB0049CDC4 /* icon128.png */; };
		504FADFC29C535DB0049CDC4 /* rules.json in Resources */ = {isa = PBXBuildFile; fileRef = 504FADF029C535DB0049CDC4 /* rules.json */; };
		504FADFD29C535DB0049CDC4 /* manifest.json in Resources */ = {isa = PBXBuildFile; fileRef = 504FADF129C535DB0049CDC4 /* manifest.json */; };
		504FADFE29C535DB0049CDC4 /* icon192.png in Resources */ = {isa = PBXBuildFile; fileRef = 504FADF229C535DB0049CDC4 /* icon192.png */; };
		504FADFF29C535DB0049CDC4 /* icon32.png in Resources */ = {isa = PBXBuildFile; fileRef = 504FADF329C535DB0049CDC4 /* icon32.png */; };
		504FAE0029C535DB0049CDC4 /* icon16.png in Resources */ = {isa = PBXBuildFile; fileRef = 504FADE829C535DB0049CDC4 /* icon16.png */; };
		504FAE0129C535DB0049CDC4 /* favicon.ico in Resources */ = {isa = PBXBuildFile; fileRef = 504FADE929C535DB0049CDC4 /* favicon.ico */; };
		504FAE0229C535DB0049CDC4 /* icon1024.png in Resources */ = {isa = PBXBuildFile; fileRef = 504FADEA29C535DB0049CDC4 /* icon1024.png */; };
		504FAE0329C535DB0049CDC4 /* chrome.json in Resources */ = {isa = PBXBuildFile; fileRef = 504FADEB29C535DB0049CDC4 /* chrome.json */; };
		504FAE0429C535DB0049CDC4 /* js in Resources */ = {isa = PBXBuildFile; fileRef = 504FADEC29C535DB0049CDC4 /* js */; };
		504FAE0529C535DB0049CDC4 /* popup.html in Resources */ = {isa = PBXBuildFile; fileRef = 504FADED29C535DB0049CDC4 /* popup.html */; };
		504FAE0629C535DB0049CDC4 /* icon512.png in Resources */ = {isa = PBXBuildFile; fileRef = 504FADEE29C535DB0049CDC4 /* icon512.png */; };
		504FAE0729C535DB0049CDC4 /* icon128.png in Resources */ = {isa = PBXBuildFile; fileRef = 504FADEF29C535DB0049CDC4 /* icon128.png */; };
		504FAE0829C535DB0049CDC4 /* rules.json in Resources */ = {isa = PBXBuildFile; fileRef = 504FADF029C535DB0049CDC4 /* rules.json */; };
		504FAE0929C535DB0049CDC4 /* manifest.json in Resources */ = {isa = PBXBuildFile; fileRef = 504FADF129C535DB0049CDC4 /* manifest.json */; };
		504FAE0A29C535DB0049CDC4 /* icon192.png in Resources */ = {isa = PBXBuildFile; fileRef = 504FADF229C535DB0049CDC4 /* icon192.png */; };
		504FAE0B29C535DB0049CDC4 /* icon32.png in Resources */ = {isa = PBXBuildFile; fileRef = 504FADF329C535DB0049CDC4 /* icon32.png */; };
/* End PBXBuildFile section */

/* Begin PBXContainerItemProxy section */
		504FADBA29C535DB0049CDC4 /* PBXContainerItemProxy */ = {
			isa = PBXContainerItemProxy;
			containerPortal = 504FAD8629C535D80049CDC4 /* Project object */;
			proxyType = 1;
			remoteGlobalIDString = 504FADB729C535DB0049CDC4;
			remoteInfo = "Bing Chat for All Browsers Extension (iOS)";
		};
		504FADC429C535DB0049CDC4 /* PBXContainerItemProxy */ = {
			isa = PBXContainerItemProxy;
			containerPortal = 504FAD8629C535D80049CDC4 /* Project object */;
			proxyType = 1;
			remoteGlobalIDString = 504FADC129C535DB0049CDC4;
			remoteInfo = "Bing Chat for All Browsers Extension (macOS)";
		};
/* End PBXContainerItemProxy section */

/* Begin PBXCopyFilesBuildPhase section */
		504FADDC29C535DB0049CDC4 /* Embed Foundation Extensions */ = {
			isa = PBXCopyFilesBuildPhase;
			buildActionMask = 2147483647;
			dstPath = "";
			dstSubfolderSpec = 13;
			files = (
				504FADB929C535DB0049CDC4 /* Bing Chat for All Browsers Extension.appex in Embed Foundation Extensions */,
			);
			name = "Embed Foundation Extensions";
			runOnlyForDeploymentPostprocessing = 0;
		};
		504FADE329C535DB0049CDC4 /* Embed Foundation Extensions */ = {
			isa = PBXCopyFilesBuildPhase;
			buildActionMask = 2147483647;
			dstPath = "";
			dstSubfolderSpec = 13;
			files = (
				504FADC329C535DB0049CDC4 /* Bing Chat for All Browsers Extension.appex in Embed Foundation Extensions */,
			);
			name = "Embed Foundation Extensions";
			runOnlyForDeploymentPostprocessing = 0;
		};
/* End PBXCopyFilesBuildPhase section */

/* Begin PBXFileReference section */
		504FAD8D29C535D80049CDC4 /* Base */ = {isa = PBXFileReference; lastKnownFileType = text.html; name = Base; path = ../Base.lproj/Main.html; sourceTree = "<group>"; };
		504FAD8E29C535D80049CDC4 /* Icon.png */ = {isa = PBXFileReference; lastKnownFileType = image.png; path = Icon.png; sourceTree = "<group>"; };
		504FAD8F29C535D80049CDC4 /* Style.css */ = {isa = PBXFileReference; lastKnownFileType = text.css; path = Style.css; sourceTree = "<group>"; };
		504FAD9029C535D80049CDC4 /* Script.js */ = {isa = PBXFileReference; lastKnownFileType = sourcecode.javascript; path = Script.js; sourceTree = "<group>"; };
		504FAD9129C535D80049CDC4 /* ViewController.swift */ = {isa = PBXFileReference; lastKnownFileType = sourcecode.swift; path = ViewController.swift; sourceTree = "<group>"; };
		504FAD9229C535DA0049CDC4 /* Assets.xcassets */ = {isa = PBXFileReference; lastKnownFileType = folder.assetcatalog; path = Assets.xcassets; sourceTree = "<group>"; };
		504FAD9429C535DA0049CDC4 /* SafariWebExtensionHandler.swift */ = {isa = PBXFileReference; lastKnownFileType = sourcecode.swift; path = SafariWebExtensionHandler.swift; sourceTree = "<group>"; };
		504FAD9929C535DA0049CDC4 /* Bing Chat for All Browsers.app */ = {isa = PBXFileReference; explicitFileType = wrapper.application; includeInIndex = 0; path = "Bing Chat for All Browsers.app"; sourceTree = BUILT_PRODUCTS_DIR; };
		504FAD9C29C535DA0049CDC4 /* AppDelegate.swift */ = {isa = PBXFileReference; lastKnownFileType = sourcecode.swift; path = AppDelegate.swift; sourceTree = "<group>"; };
		504FAD9E29C535DA0049CDC4 /* SceneDelegate.swift */ = {isa = PBXFileReference; lastKnownFileType = sourcecode.swift; path = SceneDelegate.swift; sourceTree = "<group>"; };
		504FADA129C535DA0049CDC4 /* Base */ = {isa = PBXFileReference; lastKnownFileType = file.storyboard; name = Base; path = Base.lproj/LaunchScreen.storyboard; sourceTree = "<group>"; };
		504FADA429C535DA0049CDC4 /* Base */ = {isa = PBXFileReference; lastKnownFileType = file.storyboard; name = Base; path = Base.lproj/Main.storyboard; sourceTree = "<group>"; };
		504FADA629C535DA0049CDC4 /* Info.plist */ = {isa = PBXFileReference; lastKnownFileType = text.plist.xml; path = Info.plist; sourceTree = "<group>"; };
		504FADAB29C535DB0049CDC4 /* Bing Chat for All Browsers.app */ = {isa = PBXFileReference; explicitFileType = wrapper.application; includeInIndex = 0; path = "Bing Chat for All Browsers.app"; sourceTree = BUILT_PRODUCTS_DIR; };
		504FADAD29C535DB0049CDC4 /* AppDelegate.swift */ = {isa = PBXFileReference; lastKnownFileType = sourcecode.swift; path = AppDelegate.swift; sourceTree = "<group>"; };
		504FADB029C535DB0049CDC4 /* Base */ = {isa = PBXFileReference; lastKnownFileType = file.storyboard; name = Base; path = Base.lproj/Main.storyboard; sourceTree = "<group>"; };
		504FADB229C535DB0049CDC4 /* Info.plist */ = {isa = PBXFileReference; lastKnownFileType = text.plist.xml; path = Info.plist; sourceTree = "<group>"; };
		504FADB329C535DB0049CDC4 /* Bing Chat for All Browsers.entitlements */ = {isa = PBXFileReference; lastKnownFileType = text.plist.entitlements; path = "Bing Chat for All Browsers.entitlements"; sourceTree = "<group>"; };
		504FADB829C535DB0049CDC4 /* Bing Chat for All Browsers Extension.appex */ = {isa = PBXFileReference; explicitFileType = "wrapper.app-extension"; includeInIndex = 0; path = "Bing Chat for All Browsers Extension.appex"; sourceTree = BUILT_PRODUCTS_DIR; };
		504FADBD29C535DB0049CDC4 /* Info.plist */ = {isa = PBXFileReference; lastKnownFileType = text.plist.xml; path = Info.plist; sourceTree = "<group>"; };
		504FADC229C535DB0049CDC4 /* Bing Chat for All Browsers Extension.appex */ = {isa = PBXFileReference; explicitFileType = "wrapper.app-extension"; includeInIndex = 0; path = "Bing Chat for All Browsers Extension.appex"; sourceTree = BUILT_PRODUCTS_DIR; };
		504FADC729C535DB0049CDC4 /* Info.plist */ = {isa = PBXFileReference; lastKnownFileType = text.plist.xml; path = Info.plist; sourceTree = "<group>"; };
		504FADC829C535DB0049CDC4 /* Bing Chat for All Browsers.entitlements */ = {isa = PBXFileReference; lastKnownFileType = text.plist.entitlements; path = "Bing Chat for All Browsers.entitlements"; sourceTree = "<group>"; };
		504FADE829C535DB0049CDC4 /* icon16.png */ = {isa = PBXFileReference; lastKnownFileType = image.png; name = icon16.png; path = Resources/icon16.png; sourceTree = "<group>"; };
		504FADE929C535DB0049CDC4 /* favicon.ico */ = {isa = PBXFileReference; lastKnownFileType = image.ico; name = favicon.ico; path = Resources/favicon.ico; sourceTree = "<group>"; };
		504FADEA29C535DB0049CDC4 /* icon1024.png */ = {isa = PBXFileReference; lastKnownFileType = image.png; name = icon1024.png; path = Resources/icon1024.png; sourceTree = "<group>"; };
		504FADEB29C535DB0049CDC4 /* chrome.json */ = {isa = PBXFileReference; lastKnownFileType = text.json; name = chrome.json; path = Resources/chrome.json; sourceTree = "<group>"; };
		504FADEC29C535DB0049CDC4 /* js */ = {isa = PBXFileReference; lastKnownFileType = folder; name = js; path = Resources/js; sourceTree = "<group>"; };
		504FADED29C535DB0049CDC4 /* popup.html */ = {isa = PBXFileReference; lastKnownFileType = text.html; name = popup.html; path = Resources/popup.html; sourceTree = "<group>"; };
		504FADEE29C535DB0049CDC4 /* icon512.png */ = {isa = PBXFileReference; lastKnownFileType = image.png; name = icon512.png; path = Resources/icon512.png; sourceTree = "<group>"; };
		504FADEF29C535DB0049CDC4 /* icon128.png */ = {isa = PBXFileReference; lastKnownFileType = image.png; name = icon128.png; path = Resources/icon128.png; sourceTree = "<group>"; };
		504FADF029C535DB0049CDC4 /* rules.json */ = {isa = PBXFileReference; lastKnownFileType = text.json; name = rules.json; path = Resources/rules.json; sourceTree = "<group>"; };
		504FADF129C535DB0049CDC4 /* manifest.json */ = {isa = PBXFileReference; lastKnownFileType = text.json; name = manifest.json; path = Resources/manifest.json; sourceTree = "<group>"; };
		504FADF229C535DB0049CDC4 /* icon192.png */ = {isa = PBXFileReference; lastKnownFileType = image.png; name = icon192.png; path = Resources/icon192.png; sourceTree = "<group>"; };
		504FADF329C535DB0049CDC4 /* icon32.png */ = {isa = PBXFileReference; lastKnownFileType = image.png; name = icon32.png; path = Resources/icon32.png; sourceTree = "<group>"; };
/* End PBXFileReference section */

/* Begin PBXFrameworksBuildPhase section */
		504FAD9629C535DA0049CDC4 /* Frameworks */ = {
			isa = PBXFrameworksBuildPhase;
			buildActionMask = 2147483647;
			files = (
			);
			runOnlyForDeploymentPostprocessing = 0;
		};
		504FADA829C535DB0049CDC4 /* Frameworks */ = {
			isa = PBXFrameworksBuildPhase;
			buildActionMask = 2147483647;
			files = (
			);
			runOnlyForDeploymentPostprocessing = 0;
		};
		504FADB529C535DB0049CDC4 /* Frameworks */ = {
			isa = PBXFrameworksBuildPhase;
			buildActionMask = 2147483647;
			files = (
			);
			runOnlyForDeploymentPostprocessing = 0;
		};
		504FADBF29C535DB0049CDC4 /* Frameworks */ = {
			isa = PBXFrameworksBuildPhase;
			buildActionMask = 2147483647;
			files = (
			);
			runOnlyForDeploymentPostprocessing = 0;
		};
/* End PBXFrameworksBuildPhase section */

/* Begin PBXGroup section */
		504FAD8529C535D80049CDC4 = {
			isa = PBXGroup;
			children = (
				504FAD8A29C535D80049CDC4 /* Shared (App) */,
				504FAD9329C535DA0049CDC4 /* Shared (Extension) */,
				504FAD9B29C535DA0049CDC4 /* iOS (App) */,
				504FADAC29C535DB0049CDC4 /* macOS (App) */,
				504FADBC29C535DB0049CDC4 /* iOS (Extension) */,
				504FADC629C535DB0049CDC4 /* macOS (Extension) */,
				504FAD9A29C535DA0049CDC4 /* Products */,
			);
			sourceTree = "<group>";
		};
		504FAD8A29C535D80049CDC4 /* Shared (App) */ = {
			isa = PBXGroup;
			children = (
				504FAD9129C535D80049CDC4 /* ViewController.swift */,
				504FAD9229C535DA0049CDC4 /* Assets.xcassets */,
				504FAD8B29C535D80049CDC4 /* Resources */,
			);
			path = "Shared (App)";
			sourceTree = "<group>";
		};
		504FAD8B29C535D80049CDC4 /* Resources */ = {
			isa = PBXGroup;
			children = (
				504FAD8C29C535D80049CDC4 /* Main.html */,
				504FAD8E29C535D80049CDC4 /* Icon.png */,
				504FAD8F29C535D80049CDC4 /* Style.css */,
				504FAD9029C535D80049CDC4 /* Script.js */,
			);
			path = Resources;
			sourceTree = "<group>";
		};
		504FAD9329C535DA0049CDC4 /* Shared (Extension) */ = {
			isa = PBXGroup;
			children = (
				504FADE729C535DB0049CDC4 /* Resources */,
				504FAD9429C535DA0049CDC4 /* SafariWebExtensionHandler.swift */,
			);
			path = "Shared (Extension)";
			sourceTree = "<group>";
		};
		504FAD9A29C535DA0049CDC4 /* Products */ = {
			isa = PBXGroup;
			children = (
				504FAD9929C535DA0049CDC4 /* Bing Chat for All Browsers.app */,
				504FADAB29C535DB0049CDC4 /* Bing Chat for All Browsers.app */,
				504FADB829C535DB0049CDC4 /* Bing Chat for All Browsers Extension.appex */,
				504FADC229C535DB0049CDC4 /* Bing Chat for All Browsers Extension.appex */,
			);
			name = Products;
			sourceTree = "<group>";
		};
		504FAD9B29C535DA0049CDC4 /* iOS (App) */ = {
			isa = PBXGroup;
			children = (
				504FAD9C29C535DA0049CDC4 /* AppDelegate.swift */,
				504FAD9E29C535DA0049CDC4 /* SceneDelegate.swift */,
				504FADA029C535DA0049CDC4 /* LaunchScreen.storyboard */,
				504FADA329C535DA0049CDC4 /* Main.storyboard */,
				504FADA629C535DA0049CDC4 /* Info.plist */,
			);
			path = "iOS (App)";
			sourceTree = "<group>";
		};
		504FADAC29C535DB0049CDC4 /* macOS (App) */ = {
			isa = PBXGroup;
			children = (
				504FADAD29C535DB0049CDC4 /* AppDelegate.swift */,
				504FADAF29C535DB0049CDC4 /* Main.storyboard */,
				504FADB229C535DB0049CDC4 /* Info.plist */,
				504FADB329C535DB0049CDC4 /* Bing Chat for All Browsers.entitlements */,
			);
			path = "macOS (App)";
			sourceTree = "<group>";
		};
		504FADBC29C535DB0049CDC4 /* iOS (Extension) */ = {
			isa = PBXGroup;
			children = (
				504FADBD29C535DB0049CDC4 /* Info.plist */,
			);
			path = "iOS (Extension)";
			sourceTree = "<group>";
		};
		504FADC629C535DB0049CDC4 /* macOS (Extension) */ = {
			isa = PBXGroup;
			children = (
				504FADC729C535DB0049CDC4 /* Info.plist */,
				504FADC829C535DB0049CDC4 /* Bing Chat for All Browsers.entitlements */,
			);
			path = "macOS (Extension)";
			sourceTree = "<group>";
		};
		504FADE729C535DB0049CDC4 /* Resources */ = {
			isa = PBXGroup;
			children = (
				504FADE829C535DB0049CDC4 /* icon16.png */,
				504FADE929C535DB0049CDC4 /* favicon.ico */,
				504FADEA29C535DB0049CDC4 /* icon1024.png */,
				504FADEB29C535DB0049CDC4 /* chrome.json */,
				504FADEC29C535DB0049CDC4 /* js */,
				504FADED29C535DB0049CDC4 /* popup.html */,
				504FADEE29C535DB0049CDC4 /* icon512.png */,
				504FADEF29C535DB0049CDC4 /* icon128.png */,
				504FADF029C535DB0049CDC4 /* rules.json */,
				504FADF129C535DB0049CDC4 /* manifest.json */,
				504FADF229C535DB0049CDC4 /* icon192.png */,
				504FADF329C535DB0049CDC4 /* icon32.png */,
			);
			name = Resources;
			path = "Shared (Extension)";
			sourceTree = SOURCE_ROOT;
		};
/* End PBXGroup section */

/* Begin PBXNativeTarget section */
		504FAD9829C535DA0049CDC4 /* Bing Chat for All Browsers (iOS) */ = {
			isa = PBXNativeTarget;
			buildConfigurationList = 504FADDD29C535DB0049CDC4 /* Build configuration list for PBXNativeTarget "Bing Chat for All Browsers (iOS)" */;
			buildPhases = (
				504FAD9529C535DA0049CDC4 /* Sources */,
				504FAD9629C535DA0049CDC4 /* Frameworks */,
				504FAD9729C535DA0049CDC4 /* Resources */,
				504FADDC29C535DB0049CDC4 /* Embed Foundation Extensions */,
			);
			buildRules = (
			);
			dependencies = (
				504FADBB29C535DB0049CDC4 /* PBXTargetDependency */,
			);
			name = "Bing Chat for All Browsers (iOS)";
			productName = "Bing Chat for All Browsers (iOS)";
			productReference = 504FAD9929C535DA0049CDC4 /* Bing Chat for All Browsers.app */;
			productType = "com.apple.product-type.application";
		};
		504FADAA29C535DB0049CDC4 /* Bing Chat for All Browsers (macOS) */ = {
			isa = PBXNativeTarget;
			buildConfigurationList = 504FADE429C535DB0049CDC4 /* Build configuration list for PBXNativeTarget "Bing Chat for All Browsers (macOS)" */;
			buildPhases = (
				504FADA729C535DB0049CDC4 /* Sources */,
				504FADA829C535DB0049CDC4 /* Frameworks */,
				504FADA929C535DB0049CDC4 /* Resources */,
				504FADE329C535DB0049CDC4 /* Embed Foundation Extensions */,
			);
			buildRules = (
			);
			dependencies = (
				504FADC529C535DB0049CDC4 /* PBXTargetDependency */,
			);
			name = "Bing Chat for All Browsers (macOS)";
			productName = "Bing Chat for All Browsers (macOS)";
			productReference = 504FADAB29C535DB0049CDC4 /* Bing Chat for All Browsers.app */;
			productType = "com.apple.product-type.application";
		};
		504FADB729C535DB0049CDC4 /* Bing Chat for All Browsers Extension (iOS) */ = {
			isa = PBXNativeTarget;
			buildConfigurationList = 504FADD929C535DB0049CDC4 /* Build configuration list for PBXNativeTarget "Bing Chat for All Browsers Extension (iOS)" */;
			buildPhases = (
				504FADB429C535DB0049CDC4 /* Sources */,
				504FADB529C535DB0049CDC4 /* Frameworks */,
				504FADB629C535DB0049CDC4 /* Resources */,
			);
			buildRules = (
			);
			dependencies = (
			);
			name = "Bing Chat for All Browsers Extension (iOS)";
			productName = "Bing Chat for All Browsers Extension (iOS)";
			productReference = 504FADB829C535DB0049CDC4 /* Bing Chat for All Browsers Extension.appex */;
			productType = "com.apple.product-type.app-extension";
		};
		504FADC129C535DB0049CDC4 /* Bing Chat for All Browsers Extension (macOS) */ = {
			isa = PBXNativeTarget;
			buildConfigurationList = 504FADE029C535DB0049CDC4 /* Build configuration list for PBXNativeTarget "Bing Chat for All Browsers Extension (macOS)" */;
			buildPhases = (
				504FADBE29C535DB0049CDC4 /* Sources */,
				504FADBF29C535DB0049CDC4 /* Frameworks */,
				504FADC029C535DB0049CDC4 /* Resources */,
			);
			buildRules = (
			);
			dependencies = (
			);
			name = "Bing Chat for All Browsers Extension (macOS)";
			productName = "Bing Chat for All Browsers Extension (macOS)";
			productReference = 504FADC229C535DB0049CDC4 /* Bing Chat for All Browsers Extension.appex */;
			productType = "com.apple.product-type.app-extension";
		};
/* End PBXNativeTarget section */

/* Begin PBXProject section */
		504FAD8629C535D80049CDC4 /* Project object */ = {
			isa = PBXProject;
			attributes = {
				BuildIndependentTargetsInParallel = 1;
				LastSwiftUpdateCheck = 1420;
				LastUpgradeCheck = 1420;
				TargetAttributes = {
					504FAD9829C535DA0049CDC4 = {
						CreatedOnToolsVersion = 14.2;
					};
					504FADAA29C535DB0049CDC4 = {
						CreatedOnToolsVersion = 14.2;
					};
					504FADB729C535DB0049CDC4 = {
						CreatedOnToolsVersion = 14.2;
					};
					504FADC129C535DB0049CDC4 = {
						CreatedOnToolsVersion = 14.2;
					};
				};
			};
			buildConfigurationList = 504FAD8929C535D80049CDC4 /* Build configuration list for PBXProject "Bing Chat for All Browsers" */;
			compatibilityVersion = "Xcode 14.0";
			developmentRegion = en;
			hasScannedForEncodings = 0;
			knownRegions = (
				en,
				Base,
			);
			mainGroup = 504FAD8529C535D80049CDC4;
			productRefGroup = 504FAD9A29C535DA0049CDC4 /* Products */;
			projectDirPath = "";
			projectRoot = "";
			targets = (
				504FAD9829C535DA0049CDC4 /* Bing Chat for All Browsers (iOS) */,
				504FADAA29C535DB0049CDC4 /* Bing Chat for All Browsers (macOS) */,
				504FADB729C535DB0049CDC4 /* Bing Chat for All Browsers Extension (iOS) */,
				504FADC129C535DB0049CDC4 /* Bing Chat for All Browsers Extension (macOS) */,
			);
		};
/* End PBXProject section */

/* Begin PBXResourcesBuildPhase section */
		504FAD9729C535DA0049CDC4 /* Resources */ = {
			isa = PBXResourcesBuildPhase;
			buildActionMask = 2147483647;
			files = (
				504FADCB29C535DB0049CDC4 /* Icon.png in Resources */,
				504FADA229C535DA0049CDC4 /* LaunchScreen.storyboard in Resources */,
				504FADC929C535DB0049CDC4 /* Main.html in Resources */,
				504FADCF29C535DB0049CDC4 /* Script.js in Resources */,
				504FADD329C535DB0049CDC4 /* Assets.xcassets in Resources */,
				504FADA529C535DA0049CDC4 /* Main.storyboard in Resources */,
				504FADCD29C535DB0049CDC4 /* Style.css in Resources */,
			);
			runOnlyForDeploymentPostprocessing = 0;
		};
		504FADA929C535DB0049CDC4 /* Resources */ = {
			isa = PBXResourcesBuildPhase;
			buildActionMask = 2147483647;
			files = (
				504FADCC29C535DB0049CDC4 /* Icon.png in Resources */,
				504FADCE29C535DB0049CDC4 /* Style.css in Resources */,
				504FADB129C535DB0049CDC4 /* Main.storyboard in Resources */,
				504FADD029C535DB0049CDC4 /* Script.js in Resources */,
				504FADD429C535DB0049CDC4 /* Assets.xcassets in Resources */,
				504FADCA29C535DB0049CDC4 /* Main.html in Resources */,
			);
			runOnlyForDeploymentPostprocessing = 0;
		};
		504FADB629C535DB0049CDC4 /* Resources */ = {
			isa = PBXResourcesBuildPhase;
			buildActionMask = 2147483647;
			files = (
				504FAE0629C535DB0049CDC4 /* icon512.png in Resources */,
				504FAE0429C535DB0049CDC4 /* js in Resources */,
				504FAE0A29C535DB0049CDC4 /* icon192.png in Resources */,
				504FAE0929C535DB0049CDC4 /* manifest.json in Resources */,
				504FAE0729C535DB0049CDC4 /* icon128.png in Resources */,
				504FAE0829C535DB0049CDC4 /* rules.json in Resources */,
				504FAE0529C535DB0049CDC4 /* popup.html in Resources */,
				504FAE0B29C535DB0049CDC4 /* icon32.png in Resources */,
				504FAE0129C535DB0049CDC4 /* favicon.ico in Resources */,
				504FAE0329C535DB0049CDC4 /* chrome.json in Resources */,
				504FAE0229C535DB0049CDC4 /* icon1024.png in Resources */,
				504FAE0029C535DB0049CDC4 /* icon16.png in Resources */,
			);
			runOnlyForDeploymentPostprocessing = 0;
		};
		504FADC029C535DB0049CDC4 /* Resources */ = {
			isa = PBXResourcesBuildPhase;
			buildActionMask = 2147483647;
			files = (
				504FADFA29C535DB0049CDC4 /* icon512.png in Resources */,
				504FADF829C535DB0049CDC4 /* js in Resources */,
				504FADFE29C535DB0049CDC4 /* icon192.png in Resources */,
				504FADFD29C535DB0049CDC4 /* manifest.json in Resources */,
				504FADFB29C535DB0049CDC4 /* icon128.png in Resources */,
				504FADFC29C535DB0049CDC4 /* rules.json in Resources */,
				504FADF929C535DB0049CDC4 /* popup.html in Resources */,
				504FADFF29C535DB0049CDC4 /* icon32.png in Resources */,
				504FADF529C535DB0049CDC4 /* favicon.ico in Resources */,
				504FADF729C535DB0049CDC4 /* chrome.json in Resources */,
				504FADF629C535DB0049CDC4 /* icon1024.png in Resources */,
				504FADF429C535DB0049CDC4 /* icon16.png in Resources */,
			);
			runOnlyForDeploymentPostprocessing = 0;
		};
/* End PBXResourcesBuildPhase section */

/* Begin PBXSourcesBuildPhase section */
		504FAD9529C535DA0049CDC4 /* Sources */ = {
			isa = PBXSourcesBuildPhase;
			buildActionMask = 2147483647;
			files = (
				504FADD129C535DB0049CDC4 /* ViewController.swift in Sources */,
				504FAD9D29C535DA0049CDC4 /* AppDelegate.swift in Sources */,
				504FAD9F29C535DA0049CDC4 /* SceneDelegate.swift in Sources */,
			);
			runOnlyForDeploymentPostprocessing = 0;
		};
		504FADA729C535DB0049CDC4 /* Sources */ = {
			isa = PBXSourcesBuildPhase;
			buildActionMask = 2147483647;
			files = (
				504FADD229C535DB0049CDC4 /* ViewController.swift in Sources */,
				504FADAE29C535DB0049CDC4 /* AppDelegate.swift in Sources */,
			);
			runOnlyForDeploymentPostprocessing = 0;
		};
		504FADB429C535DB0049CDC4 /* Sources */ = {
			isa = PBXSourcesBuildPhase;
			buildActionMask = 2147483647;
			files = (
				504FADD529C535DB0049CDC4 /* SafariWebExtensionHandler.swift in Sources */,
			);
			runOnlyForDeploymentPostprocessing = 0;
		};
		504FADBE29C535DB0049CDC4 /* Sources */ = {
			isa = PBXSourcesBuildPhase;
			buildActionMask = 2147483647;
			files = (
				504FADD629C535DB0049CDC4 /* SafariWebExtensionHandler.swift in Sources */,
			);
			runOnlyForDeploymentPostprocessing = 0;
		};
/* End PBXSourcesBuildPhase section */

/* Begin PBXTargetDependency section */
		504FADBB29C535DB0049CDC4 /* PBXTargetDependency */ = {
			isa = PBXTargetDependency;
			target = 504FADB729C535DB0049CDC4 /* Bing Chat for All Browsers Extension (iOS) */;
			targetProxy = 504FADBA29C535DB0049CDC4 /* PBXContainerItemProxy */;
		};
		504FADC529C535DB0049CDC4 /* PBXTargetDependency */ = {
			isa = PBXTargetDependency;
			target = 504FADC129C535DB0049CDC4 /* Bing Chat for All Browsers Extension (macOS) */;
			targetProxy = 504FADC429C535DB0049CDC4 /* PBXContainerItemProxy */;
		};
/* End PBXTargetDependency section */

/* Begin PBXVariantGroup section */
		504FAD8C29C535D80049CDC4 /* Main.html */ = {
			isa = PBXVariantGroup;
			children = (
				504FAD8D29C535D80049CDC4 /* Base */,
			);
			name = Main.html;
			sourceTree = "<group>";
		};
		504FADA029C535DA0049CDC4 /* LaunchScreen.storyboard */ = {
			isa = PBXVariantGroup;
			children = (
				504FADA129C535DA0049CDC4 /* Base */,
			);
			name = LaunchScreen.storyboard;
			sourceTree = "<group>";
		};
		504FADA329C535DA0049CDC4 /* Main.storyboard */ = {
			isa = PBXVariantGroup;
			children = (
				504FADA429C535DA0049CDC4 /* Base */,
			);
			name = Main.storyboard;
			sourceTree = "<group>";
		};
		504FADAF29C535DB0049CDC4 /* Main.storyboard */ = {
			isa = PBXVariantGroup;
			children = (
				504FADB029C535DB0049CDC4 /* Base */,
			);
			name = Main.storyboard;
			sourceTree = "<group>";
		};
/* End PBXVariantGroup section */

/* Begin XCBuildConfiguration section */
		504FADD729C535DB0049CDC4 /* Debug */ = {
			isa = XCBuildConfiguration;
			buildSettings = {
				ALWAYS_SEARCH_USER_PATHS = NO;
				CLANG_ANALYZER_NONNULL = YES;
				CLANG_ANALYZER_NUMBER_OBJECT_CONVERSION = YES_AGGRESSIVE;
				CLANG_CXX_LANGUAGE_STANDARD = "gnu++20";
				CLANG_ENABLE_MODULES = YES;
				CLANG_ENABLE_OBJC_ARC = YES;
				CLANG_ENABLE_OBJC_WEAK = YES;
				CLANG_WARN_BLOCK_CAPTURE_AUTORELEASING = YES;
				CLANG_WARN_BOOL_CONVERSION = YES;
				CLANG_WARN_COMMA = YES;
				CLANG_WARN_CONSTANT_CONVERSION = YES;
				CLANG_WARN_DEPRECATED_OBJC_IMPLEMENTATIONS = YES;
				CLANG_WARN_DIRECT_OBJC_ISA_USAGE = YES_ERROR;
				CLANG_WARN_DOCUMENTATION_COMMENTS = YES;
				CLANG_WARN_EMPTY_BODY = YES;
				CLANG_WARN_ENUM_CONVERSION = YES;
				CLANG_WARN_INFINITE_RECURSION = YES;
				CLANG_WARN_INT_CONVERSION = YES;
				CLANG_WARN_NON_LITERAL_NULL_CONVERSION = YES;
				CLANG_WARN_OBJC_IMPLICIT_RETAIN_SELF = YES;
				CLANG_WARN_OBJC_LITERAL_CONVERSION = YES;
				CLANG_WARN_OBJC_ROOT_CLASS = YES_ERROR;
				CLANG_WARN_QUOTED_INCLUDE_IN_FRAMEWORK_HEADER = YES;
				CLANG_WARN_RANGE_LOOP_ANALYSIS = YES;
				CLANG_WARN_STRICT_PROTOTYPES = YES;
				CLANG_WARN_SUSPICIOUS_MOVE = YES;
				CLANG_WARN_UNGUARDED_AVAILABILITY = YES_AGGRESSIVE;
				CLANG_WARN_UNREACHABLE_CODE = YES;
				CLANG_WARN__DUPLICATE_METHOD_MATCH = YES;
				COPY_PHASE_STRIP = NO;
				DEBUG_INFORMATION_FORMAT = dwarf;
				ENABLE_STRICT_OBJC_MSGSEND = YES;
				ENABLE_TESTABILITY = YES;
				GCC_C_LANGUAGE_STANDARD = gnu11;
				GCC_DYNAMIC_NO_PIC = NO;
				GCC_NO_COMMON_BLOCKS = YES;
				GCC_OPTIMIZATION_LEVEL = 0;
				GCC_PREPROCESSOR_DEFINITIONS = (
					"DEBUG=1",
					"$(inherited)",
				);
				GCC_WARN_64_TO_32_BIT_CONVERSION = YES;
				GCC_WARN_ABOUT_RETURN_TYPE = YES_ERROR;
				GCC_WARN_UNDECLARED_SELECTOR = YES;
				GCC_WARN_UNINITIALIZED_AUTOS = YES_AGGRESSIVE;
				GCC_WARN_UNUSED_FUNCTION = YES;
				GCC_WARN_UNUSED_VARIABLE = YES;
				MTL_ENABLE_DEBUG_INFO = INCLUDE_SOURCE;
				MTL_FAST_MATH = YES;
				ONLY_ACTIVE_ARCH = YES;
				SWIFT_ACTIVE_COMPILATION_CONDITIONS = DEBUG;
				SWIFT_OPTIMIZATION_LEVEL = "-Onone";
			};
			name = Debug;
		};
		504FADD829C535DB0049CDC4 /* Release */ = {
			isa = XCBuildConfiguration;
			buildSettings = {
				ALWAYS_SEARCH_USER_PATHS = NO;
				CLANG_ANALYZER_NONNULL = YES;
				CLANG_ANALYZER_NUMBER_OBJECT_CONVERSION = YES_AGGRESSIVE;
				CLANG_CXX_LANGUAGE_STANDARD = "gnu++20";
				CLANG_ENABLE_MODULES = YES;
				CLANG_ENABLE_OBJC_ARC = YES;
				CLANG_ENABLE_OBJC_WEAK = YES;
				CLANG_WARN_BLOCK_CAPTURE_AUTORELEASING = YES;
				CLANG_WARN_BOOL_CONVERSION = YES;
				CLANG_WARN_COMMA = YES;
				CLANG_WARN_CONSTANT_CONVERSION = YES;
				CLANG_WARN_DEPRECATED_OBJC_IMPLEMENTATIONS = YES;
				CLANG_WARN_DIRECT_OBJC_ISA_USAGE = YES_ERROR;
				CLANG_WARN_DOCUMENTATION_COMMENTS = YES;
				CLANG_WARN_EMPTY_BODY = YES;
				CLANG_WARN_ENUM_CONVERSION = YES;
				CLANG_WARN_INFINITE_RECURSION = YES;
				CLANG_WARN_INT_CONVERSION = YES;
				CLANG_WARN_NON_LITERAL_NULL_CONVERSION = YES;
				CLANG_WARN_OBJC_IMPLICIT_RETAIN_SELF = YES;
				CLANG_WARN_OBJC_LITERAL_CONVERSION = YES;
				CLANG_WARN_OBJC_ROOT_CLASS = YES_ERROR;
				CLANG_WARN_QUOTED_INCLUDE_IN_FRAMEWORK_HEADER = YES;
				CLANG_WARN_RANGE_LOOP_ANALYSIS = YES;
				CLANG_WARN_STRICT_PROTOTYPES = YES;
				CLANG_WARN_SUSPICIOUS_MOVE = YES;
				CLANG_WARN_UNGUARDED_AVAILABILITY = YES_AGGRESSIVE;
				CLANG_WARN_UNREACHABLE_CODE = YES;
				CLANG_WARN__DUPLICATE_METHOD_MATCH = YES;
				COPY_PHASE_STRIP = NO;
				DEBUG_INFORMATION_FORMAT = "dwarf-with-dsym";
				ENABLE_NS_ASSERTIONS = NO;
				ENABLE_STRICT_OBJC_MSGSEND = YES;
				GCC_C_LANGUAGE_STANDARD = gnu11;
				GCC_NO_COMMON_BLOCKS = YES;
				GCC_WARN_64_TO_32_BIT_CONVERSION = YES;
				GCC_WARN_ABOUT_RETURN_TYPE = YES_ERROR;
				GCC_WARN_UNDECLARED_SELECTOR = YES;
				GCC_WARN_UNINITIALIZED_AUTOS = YES_AGGRESSIVE;
				GCC_WARN_UNUSED_FUNCTION = YES;
				GCC_WARN_UNUSED_VARIABLE = YES;
				MTL_ENABLE_DEBUG_INFO = NO;
				MTL_FAST_MATH = YES;
				SWIFT_COMPILATION_MODE = wholemodule;
				SWIFT_OPTIMIZATION_LEVEL = "-O";
			};
			name = Release;
		};
		504FADDA29C535DB0049CDC4 /* Debug */ = {
			isa = XCBuildConfiguration;
			buildSettings = {
				CODE_SIGN_STYLE = Automatic;
				CURRENT_PROJECT_VERSION = 1;
				GENERATE_INFOPLIST_FILE = YES;
				INFOPLIST_FILE = "iOS (Extension)/Info.plist";
				INFOPLIST_KEY_CFBundleDisplayName = "Bing Chat for All Browsers Extension";
				INFOPLIST_KEY_NSHumanReadableCopyright = "";
				IPHONEOS_DEPLOYMENT_TARGET = 15.0;
				LD_RUNPATH_SEARCH_PATHS = (
					"$(inherited)",
					"@executable_path/Frameworks",
					"@executable_path/../../Frameworks",
				);
				MARKETING_VERSION = 1.0;
				OTHER_LDFLAGS = (
					"-framework",
					SafariServices,
				);
				PRODUCT_BUNDLE_IDENTIFIER = "sh.cho.Bing-Chat-for-All-Browsers.Extension";
				PRODUCT_NAME = "Bing Chat for All Browsers Extension";
				SDKROOT = iphoneos;
				SKIP_INSTALL = YES;
				SWIFT_EMIT_LOC_STRINGS = YES;
				SWIFT_VERSION = 5.0;
				TARGETED_DEVICE_FAMILY = "1,2";
			};
			name = Debug;
		};
		504FADDB29C535DB0049CDC4 /* Release */ = {
			isa = XCBuildConfiguration;
			buildSettings = {
				CODE_SIGN_STYLE = Automatic;
				CURRENT_PROJECT_VERSION = 1;
				GENERATE_INFOPLIST_FILE = YES;
				INFOPLIST_FILE = "iOS (Extension)/Info.plist";
				INFOPLIST_KEY_CFBundleDisplayName = "Bing Chat for All Browsers Extension";
				INFOPLIST_KEY_NSHumanReadableCopyright = "";
				IPHONEOS_DEPLOYMENT_TARGET = 15.0;
				LD_RUNPATH_SEARCH_PATHS = (
					"$(inherited)",
					"@executable_path/Frameworks",
					"@executable_path/../../Frameworks",
				);
				MARKETING_VERSION = 1.0;
				OTHER_LDFLAGS = (
					"-framework",
					SafariServices,
				);
				PRODUCT_BUNDLE_IDENTIFIER = "sh.cho.Bing-Chat-for-All-Browsers.Extension";
				PRODUCT_NAME = "Bing Chat for All Browsers Extension";
				SDKROOT = iphoneos;
				SKIP_INSTALL = YES;
				SWIFT_EMIT_LOC_STRINGS = YES;
				SWIFT_VERSION = 5.0;
				TARGETED_DEVICE_FAMILY = "1,2";
				VALIDATE_PRODUCT = YES;
			};
			name = Release;
		};
		504FADDE29C535DB0049CDC4 /* Debug */ = {
			isa = XCBuildConfiguration;
			buildSettings = {
				ALWAYS_EMBED_SWIFT_STANDARD_LIBRARIES = YES;
				ASSETCATALOG_COMPILER_APPICON_NAME = AppIcon;
				ASSETCATALOG_COMPILER_GLOBAL_ACCENT_COLOR_NAME = AccentColor;
				CODE_SIGN_STYLE = Automatic;
				CURRENT_PROJECT_VERSION = 1;
				GENERATE_INFOPLIST_FILE = YES;
				INFOPLIST_FILE = "iOS (App)/Info.plist";
				INFOPLIST_KEY_CFBundleDisplayName = "Bing Chat for All Browsers";
				INFOPLIST_KEY_UIApplicationSupportsIndirectInputEvents = YES;
				INFOPLIST_KEY_UILaunchStoryboardName = LaunchScreen;
				INFOPLIST_KEY_UIMainStoryboardFile = Main;
				INFOPLIST_KEY_UISupportedInterfaceOrientations = "UIInterfaceOrientationPortrait UIInterfaceOrientationLandscapeLeft UIInterfaceOrientationLandscapeRight";
				INFOPLIST_KEY_UISupportedInterfaceOrientations_iPad = "UIInterfaceOrientationPortrait UIInterfaceOrientationPortraitUpsideDown UIInterfaceOrientationLandscapeLeft UIInterfaceOrientationLandscapeRight";
				IPHONEOS_DEPLOYMENT_TARGET = 15.0;
				LD_RUNPATH_SEARCH_PATHS = (
					"$(inherited)",
					"@executable_path/Frameworks",
				);
				MARKETING_VERSION = 1.0;
				OTHER_LDFLAGS = (
					"-framework",
					SafariServices,
					"-framework",
					WebKit,
				);
				PRODUCT_BUNDLE_IDENTIFIER = "sh.cho.Bing-Chat-for-All-Browsers";
				PRODUCT_NAME = "Bing Chat for All Browsers";
				SDKROOT = iphoneos;
				SWIFT_EMIT_LOC_STRINGS = YES;
				SWIFT_VERSION = 5.0;
				TARGETED_DEVICE_FAMILY = "1,2";
			};
			name = Debug;
		};
		504FADDF29C535DB0049CDC4 /* Release */ = {
			isa = XCBuildConfiguration;
			buildSettings = {
				ALWAYS_EMBED_SWIFT_STANDARD_LIBRARIES = YES;
				ASSETCATALOG_COMPILER_APPICON_NAME = AppIcon;
				ASSETCATALOG_COMPILER_GLOBAL_ACCENT_COLOR_NAME = AccentColor;
				CODE_SIGN_STYLE = Automatic;
				CURRENT_PROJECT_VERSION = 1;
				GENERATE_INFOPLIST_FILE = YES;
				INFOPLIST_FILE = "iOS (App)/Info.plist";
				INFOPLIST_KEY_CFBundleDisplayName = "Bing Chat for All Browsers";
				INFOPLIST_KEY_UIApplicationSupportsIndirectInputEvents = YES;
				INFOPLIST_KEY_UILaunchStoryboardName = LaunchScreen;
				INFOPLIST_KEY_UIMainStoryboardFile = Main;
				INFOPLIST_KEY_UISupportedInterfaceOrientations = "UIInterfaceOrientationPortrait UIInterfaceOrientationLandscapeLeft UIInterfaceOrientationLandscapeRight";
				INFOPLIST_KEY_UISupportedInterfaceOrientations_iPad = "UIInterfaceOrientationPortrait UIInterfaceOrientationPortraitUpsideDown UIInterfaceOrientationLandscapeLeft UIInterfaceOrientationLandscapeRight";
				IPHONEOS_DEPLOYMENT_TARGET = 15.0;
				LD_RUNPATH_SEARCH_PATHS = (
					"$(inherited)",
					"@executable_path/Frameworks",
				);
				MARKETING_VERSION = 1.0;
				OTHER_LDFLAGS = (
					"-framework",
					SafariServices,
					"-framework",
					WebKit,
				);
				PRODUCT_BUNDLE_IDENTIFIER = "sh.cho.Bing-Chat-for-All-Browsers";
				PRODUCT_NAME = "Bing Chat for All Browsers";
				SDKROOT = iphoneos;
				SWIFT_EMIT_LOC_STRINGS = YES;
				SWIFT_VERSION = 5.0;
				TARGETED_DEVICE_FAMILY = "1,2";
				VALIDATE_PRODUCT = YES;
			};
			name = Release;
		};
		504FADE129C535DB0049CDC4 /* Debug */ = {
			isa = XCBuildConfiguration;
			buildSettings = {
				CODE_SIGN_ENTITLEMENTS = "macOS (Extension)/Bing Chat for All Browsers.entitlements";
				CODE_SIGN_STYLE = Automatic;
				CURRENT_PROJECT_VERSION = 1;
				ENABLE_HARDENED_RUNTIME = YES;
				GENERATE_INFOPLIST_FILE = YES;
				INFOPLIST_FILE = "macOS (Extension)/Info.plist";
				INFOPLIST_KEY_CFBundleDisplayName = "Bing Chat for All Browsers Extension";
				INFOPLIST_KEY_NSHumanReadableCopyright = "";
				LD_RUNPATH_SEARCH_PATHS = (
					"$(inherited)",
					"@executable_path/../Frameworks",
					"@executable_path/../../../../Frameworks",
				);
				MACOSX_DEPLOYMENT_TARGET = 10.14;
				MARKETING_VERSION = 1.0;
				OTHER_LDFLAGS = (
					"-framework",
					SafariServices,
				);
				PRODUCT_BUNDLE_IDENTIFIER = "sh.cho.Bing-Chat-for-All-Browsers.Extension";
				PRODUCT_NAME = "Bing Chat for All Browsers Extension";
				SDKROOT = macosx;
				SKIP_INSTALL = YES;
				SWIFT_EMIT_LOC_STRINGS = YES;
				SWIFT_VERSION = 5.0;
			};
			name = Debug;
		};
		504FADE229C535DB0049CDC4 /* Release */ = {
			isa = XCBuildConfiguration;
			buildSettings = {
				CODE_SIGN_ENTITLEMENTS = "macOS (Extension)/Bing Chat for All Browsers.entitlements";
				CODE_SIGN_STYLE = Automatic;
				CURRENT_PROJECT_VERSION = 1;
				ENABLE_HARDENED_RUNTIME = YES;
				GENERATE_INFOPLIST_FILE = YES;
				INFOPLIST_FILE = "macOS (Extension)/Info.plist";
				INFOPLIST_KEY_CFBundleDisplayName = "Bing Chat for All Browsers Extension";
				INFOPLIST_KEY_NSHumanReadableCopyright = "";
				LD_RUNPATH_SEARCH_PATHS = (
					"$(inherited)",
					"@executable_path/../Frameworks",
					"@executable_path/../../../../Frameworks",
				);
				MACOSX_DEPLOYMENT_TARGET = 10.14;
				MARKETING_VERSION = 1.0;
				OTHER_LDFLAGS = (
					"-framework",
					SafariServices,
				);
				PRODUCT_BUNDLE_IDENTIFIER = "sh.cho.Bing-Chat-for-All-Browsers.Extension";
				PRODUCT_NAME = "Bing Chat for All Browsers Extension";
				SDKROOT = macosx;
				SKIP_INSTALL = YES;
				SWIFT_EMIT_LOC_STRINGS = YES;
				SWIFT_VERSION = 5.0;
			};
			name = Release;
		};
		504FADE529C535DB0049CDC4 /* Debug */ = {
			isa = XCBuildConfiguration;
			buildSettings = {
				ALWAYS_EMBED_SWIFT_STANDARD_LIBRARIES = YES;
				ASSETCATALOG_COMPILER_APPICON_NAME = AppIcon;
				ASSETCATALOG_COMPILER_GLOBAL_ACCENT_COLOR_NAME = AccentColor;
				CODE_SIGN_ENTITLEMENTS = "macOS (App)/Bing Chat for All Browsers.entitlements";
				CODE_SIGN_STYLE = Automatic;
				CURRENT_PROJECT_VERSION = 1;
				ENABLE_HARDENED_RUNTIME = YES;
				GENERATE_INFOPLIST_FILE = YES;
				INFOPLIST_FILE = "macOS (App)/Info.plist";
				INFOPLIST_KEY_CFBundleDisplayName = "Bing Chat for All Browsers";
				INFOPLIST_KEY_NSMainStoryboardFile = Main;
				INFOPLIST_KEY_NSPrincipalClass = NSApplication;
				LD_RUNPATH_SEARCH_PATHS = (
					"$(inherited)",
					"@executable_path/../Frameworks",
				);
				MACOSX_DEPLOYMENT_TARGET = 10.14;
				MARKETING_VERSION = 1.0;
				OTHER_LDFLAGS = (
					"-framework",
					SafariServices,
					"-framework",
					WebKit,
				);
				PRODUCT_BUNDLE_IDENTIFIER = "sh.cho.Bing-Chat-for-All-Browsers";
				PRODUCT_NAME = "Bing Chat for All Browsers";
				SDKROOT = macosx;
				SWIFT_EMIT_LOC_STRINGS = YES;
				SWIFT_VERSION = 5.0;
			};
			name = Debug;
		};
		504FADE629C535DB0049CDC4 /* Release */ = {
			isa = XCBuildConfiguration;
			buildSettings = {
				ALWAYS_EMBED_SWIFT_STANDARD_LIBRARIES = YES;
				ASSETCATALOG_COMPILER_APPICON_NAME = AppIcon;
				ASSETCATALOG_COMPILER_GLOBAL_ACCENT_COLOR_NAME = AccentColor;
				CODE_SIGN_ENTITLEMENTS = "macOS (App)/Bing Chat for All Browsers.entitlements";
				CODE_SIGN_STYLE = Automatic;
				CURRENT_PROJECT_VERSION = 1;
				ENABLE_HARDENED_RUNTIME = YES;
				GENERATE_INFOPLIST_FILE = YES;
				INFOPLIST_FILE = "macOS (App)/Info.plist";
				INFOPLIST_KEY_CFBundleDisplayName = "Bing Chat for All Browsers";
				INFOPLIST_KEY_NSMainStoryboardFile = Main;
				INFOPLIST_KEY_NSPrincipalClass = NSApplication;
				LD_RUNPATH_SEARCH_PATHS = (
					"$(inherited)",
					"@executable_path/../Frameworks",
				);
				MACOSX_DEPLOYMENT_TARGET = 10.14;
				MARKETING_VERSION = 1.0;
				OTHER_LDFLAGS = (
					"-framework",
					SafariServices,
					"-framework",
					WebKit,
				);
				PRODUCT_BUNDLE_IDENTIFIER = "sh.cho.Bing-Chat-for-All-Browsers";
				PRODUCT_NAME = "Bing Chat for All Browsers";
				SDKROOT = macosx;
				SWIFT_EMIT_LOC_STRINGS = YES;
				SWIFT_VERSION = 5.0;
			};
			name = Release;
		};
/* End XCBuildConfiguration section */

/* Begin XCConfigurationList section */
		504FAD8929C535D80049CDC4 /* Build configuration list for PBXProject "Bing Chat for All Browsers" */ = {
			isa = XCConfigurationList;
			buildConfigurations = (
				504FADD729C535DB0049CDC4 /* Debug */,
				504FADD829C535DB0049CDC4 /* Release */,
			);
			defaultConfigurationIsVisible = 0;
			defaultConfigurationName = Release;
		};
		504FADD929C535DB0049CDC4 /* Build configuration list for PBXNativeTarget "Bing Chat for All Browsers Extension (iOS)" */ = {
			isa = XCConfigurationList;
			buildConfigurations = (
				504FADDA29C535DB0049CDC4 /* Debug */,
				504FADDB29C535DB0049CDC4 /* Release */,
			);
			defaultConfigurationIsVisible = 0;
			defaultConfigurationName = Release;
		};
		504FADDD29C535DB0049CDC4 /* Build configuration list for PBXNativeTarget "Bing Chat for All Browsers (iOS)" */ = {
			isa = XCConfigurationList;
			buildConfigurations = (
				504FADDE29C535DB0049CDC4 /* Debug */,
				504FADDF29C535DB0049CDC4 /* Release */,
			);
			defaultConfigurationIsVisible = 0;
			defaultConfigurationName = Release;
		};
		504FADE029C535DB0049CDC4 /* Build configuration list for PBXNativeTarget "Bing Chat for All Browsers Extension (macOS)" */ = {
			isa = XCConfigurationList;
			buildConfigurations = (
				504FADE129C535DB0049CDC4 /* Debug */,
				504FADE229C535DB0049CDC4 /* Release */,
			);
			defaultConfigurationIsVisible = 0;
			defaultConfigurationName = Release;
		};
		504FADE429C535DB0049CDC4 /* Build configuration list for PBXNativeTarget "Bing Chat for All Browsers (macOS)" */ = {
			isa = XCConfigurationList;
			buildConfigurations = (
				504FADE529C535DB0049CDC4 /* Debug */,
				504FADE629C535DB0049CDC4 /* Release */,
			);
			defaultConfigurationIsVisible = 0;
			defaultConfigurationName = Release;
		};
/* End XCConfigurationList section */
	};
	rootObject = 504FAD8629C535D80049CDC4 /* Project object */;
}
